{
    "name": "yangram_uoi_desktop",
    "version": "2.8.0",
    "lockfileVersion": 1,
    "requires": true,
    "dependencies": {
        "@jangts/tangram.js": {
            "version": "2.0.1",
            "resolved": "https://registry.npmjs.org/@jangts/tangram.js/-/tangram.js-2.0.1.tgz",
            "integrity": "sha512-+fAuAYcvAc9aLOMwR+YQEi9IcZBupqUza4JbMj+NiTGLS3A/D/ghhfolUGrr7DWdbwEcKouqWyK5mlbc/9Eq7g=="
        },
        "amdefine": {
            "version": "1.0.1",
            "resolved": "https://registry.npmjs.org/amdefine/-/amdefine-1.0.1.tgz",
            "integrity": "sha1-SlKCrBZHKek2Gbz9OtFR+BfOkfU=",
            "dev": true
        },
        "async": {
            "version": "0.2.10",
            "resolved": "https://registry.npmjs.org/async/-/async-0.2.10.tgz",
            "integrity": "sha1-trvgsGdLnXGXCMo43owjfLUmw9E=",
            "dev": true
        },
        "fs": {
            "version": "0.0.1-security",
            "resolved": "https://registry.npmjs.org/fs/-/fs-0.0.1-security.tgz",
            "integrity": "sha1-invTcYa23d84E/I4WLV+yq9eQdQ=",
            "dev": true
        },
        "optimist": {
            "version": "0.3.7",
            "resolved": "https://registry.npmjs.org/optimist/-/optimist-0.3.7.tgz",
            "integrity": "sha1-yQlBrVnkJzMokjB00s8ufLxuwNk=",
            "dev": true,
            "requires": {
                "wordwrap": "0.0.3"
            }
        },
        "path": {
            "version": "0.12.7",
            "resolved": "https://registry.npmjs.org/path/-/path-0.12.7.tgz",
            "integrity": "sha1-1NwqUGxM4hl+tIHr/NWzbAFAsQ8=",
            "dev": true,
            "requires": {
                "process": "0.11.10",
                "util": "0.10.3"
            }
        },
        "process": {
            "version": "0.11.10",
            "resolved": "https://registry.npmjs.org/process/-/process-0.11.10.tgz",
            "integrity": "sha1-czIwDoQBYb2j5podHZGn1LwW8YI=",
            "dev": true
        },
        "require": {
            "version": "2.4.20",
            "resolved": "https://registry.npmjs.org/require/-/require-2.4.20.tgz",
            "integrity": "sha1-Zstrqqu2XeinHXk/XGX9GE83mLY=",
            "dev": true,
            "requires": {
                "std": "0.1.40",
                "uglify-js": "2.3.0"
            }
        },
        "source-map": {
            "version": "0.1.43",
            "resolved": "https://registry.npmjs.org/source-map/-/source-map-0.1.43.tgz",
            "integrity": "sha1-wkvBRspRfBRx9drL4lcbK3+eM0Y=",
            "dev": true,
            "requires": {
                "amdefine": "1.0.1"
            }
        },
        "std": {
            "version": "0.1.40",
            "resolved": "https://registry.npmjs.org/std/-/std-0.1.40.tgz",
            "integrity": "sha1-Nnil9lCU2eG2teJu2/wCErg0K3E=",
            "dev": true
        },
        "uglify-js": {
            "version": "2.3.0",
            "resolved": "https://registry.npmjs.org/uglify-js/-/uglify-js-2.3.0.tgz",
            "integrity": "sha1-LN7BbTeKiituz7aYl4TPi3rlSR8=",
            "dev": true,
            "requires": {
                "async": "0.2.10",
                "optimist": "0.3.7",
                "source-map": "0.1.43"
            }
        },
        "util": {
            "version": "0.10.3",
            "resolved": "https://registry.npmjs.org/util/-/util-0.10.3.tgz",
            "integrity": "sha1-evsa/lCAUkZInj23/g7TeTNqwPk=",
            "dev": true,
            "requires": {
                "inherits": "2.0.1"
            },
            "dependencies": {
                "inherits": {
                    "version": "2.0.1",
                    "resolved": "https://registry.npmjs.org/inherits/-/inherits-2.0.1.tgz",
                    "integrity": "sha1-sX0I0ya0Qj5Wjv9xn5GwscvfafE=",
                    "dev": true
                }
            }
        },
        "wordwrap": {
            "version": "0.0.3",
            "resolved": "https://registry.npmjs.org/wordwrap/-/wordwrap-0.0.3.tgz",
            "integrity": "sha1-o9XabNXAvAAI03I0u68b7WMFkQc=",
            "dev": true
        }
    }
}
